
Microsoft Visual Studio Solution File, Format Version 12.00
# Visual Studio 15
VisualStudioVersion = 15.0.27130.2003
MinimumVisualStudioVersion = 10.0.40219.1
Project("{FAE04EC0-301F-11D3-BF4B-00C04F79EFBC}") = "Agent", "Agent\Agent.csproj", "{C126D5E8-3E8F-4D27-819A-92388A8FE879}"
EndProject
Project("{FAE04EC0-301F-11D3-BF4B-00C04F79EFBC}") = "Sample", "Sample\Sample.csproj", "{C12F1847-A8B8-4F26-A852-7C40259D81F9}"
EndProject
Project("{FAE04EC0-301F-11D3-BF4B-00C04F79EFBC}") = "Sample2", "Sample2\Sample2.csproj", "{1D407FDB-5AF0-40D9-A05C-B187854D7AD3}"
EndProject
Global
	GlobalSection(SolutionConfigurationPlatforms) = preSolution
		Debug|Any CPU = Debug|Any CPU
		Release|Any CPU = Release|Any CPU
	EndGlobalSection
	GlobalSection(ProjectConfigurationPlatforms) = postSolution
		{C126D5E8-3E8F-4D27-819A-92388A8FE879}.Debug|Any CPU.ActiveCfg = Debug|Any CPU
		{C126D5E8-3E8F-4D27-819A-92388A8FE879}.Debug|Any CPU.Build.0 = Debug|Any CPU
		{C126D5E8-3E8F-4D27-819A-92388A8FE879}.Release|Any CPU.ActiveCfg = Release|Any CPU
		{C126D5E8-3E8F-4D27-819A-92388A8FE879}.Release|Any CPU.Build.0 = Release|Any CPU
		{C12F1847-A8B8-4F26-A852-7C40259D81F9}.Debug|Any CPU.ActiveCfg = Debug|Any CPU
		{C12F1847-A8B8-4F26-A852-7C40259D81F9}.Debug|Any CPU.Build.0 = Debug|Any CPU
		{C12F1847-A8B8-4F26-A852-7C40259D81F9}.Release|Any CPU.ActiveCfg = Release|Any CPU
		{C12F1847-A8B8-4F26-A852-7C40259D81F9}.Release|Any CPU.Build.0 = Release|Any CPU
		{1D407FDB-5AF0-40D9-A05C-B187854D7AD3}.Debug|Any CPU.ActiveCfg = Debug|Any CPU
		{1D407FDB-5AF0-40D9-A05C-B187854D7AD3}.Debug|Any CPU.Build.0 = Debug|Any CPU
		{1D407FDB-5AF0-40D9-A05C-B187854D7AD3}.Release|Any CPU.ActiveCfg = Release|Any CPU
		{1D407FDB-5AF0-40D9-A05C-B187854D7AD3}.Release|Any CPU.Build.0 = Release|Any CPU
	EndGlobalSection
	GlobalSection(SolutionProperties) = preSolution
		HideSolutionNode = FALSE
	EndGlobalSection
	GlobalSection(ExtensibilityGlobals) = postSolution
		SolutionGuid = {438CF955-595C-4122-B601-49D5802CD65A}
	EndGlobalSection
EndGlobal
