
Microsoft Visual Studio Solution File, Format Version 12.00
# Visual Studio Version 16
VisualStudioVersion = 16.0.29728.190
MinimumVisualStudioVersion = 10.0.40219.1
Project("{9A19103F-16F7-4668-BE54-9A1E7A4F7556}") = "org.wso2.identity.sdk.oidc", "org.wso2.identity.sdk.oidc\org.wso2.identity.sdk.oidc.csproj", "{228E25AB-FB85-42C7-A0CD-FB046790C160}"
EndProject
Project("{FAE04EC0-301F-11D3-BF4B-00C04F79EFBC}") = "PickupManager", "..\Pickup-Manager\Login_App\PickupManager.csproj", "{78F23CF1-38C2-459E-9F16-0D44DA87EC60}"
EndProject
Global
	GlobalSection(SolutionConfigurationPlatforms) = preSolution
		Debug|Any CPU = Debug|Any CPU
		Release|Any CPU = Release|Any CPU
	EndGlobalSection
	GlobalSection(ProjectConfigurationPlatforms) = postSolution
		{228E25AB-FB85-42C7-A0CD-FB046790C160}.Debug|Any CPU.ActiveCfg = Debug|Any CPU
		{228E25AB-FB85-42C7-A0CD-FB046790C160}.Debug|Any CPU.Build.0 = Debug|Any CPU
		{228E25AB-FB85-42C7-A0CD-FB046790C160}.Release|Any CPU.ActiveCfg = Release|Any CPU
		{228E25AB-FB85-42C7-A0CD-FB046790C160}.Release|Any CPU.Build.0 = Release|Any CPU
		{78F23CF1-38C2-459E-9F16-0D44DA87EC60}.Debug|Any CPU.ActiveCfg = Debug|Any CPU
		{78F23CF1-38C2-459E-9F16-0D44DA87EC60}.Debug|Any CPU.Build.0 = Debug|Any CPU
		{78F23CF1-38C2-459E-9F16-0D44DA87EC60}.Release|Any CPU.ActiveCfg = Release|Any CPU
		{78F23CF1-38C2-459E-9F16-0D44DA87EC60}.Release|Any CPU.Build.0 = Release|Any CPU
	EndGlobalSection
	GlobalSection(SolutionProperties) = preSolution
		HideSolutionNode = FALSE
	EndGlobalSection
	GlobalSection(ExtensibilityGlobals) = postSolution
		SolutionGuid = {775865CC-D0D2-45F0-8F5D-9B60220DCB4A}
	EndGlobalSection
EndGlobal
